
Microsoft Visual Studio Solution File, Format Version 12.00
# Visual Studio Version 17
VisualStudioVersion = 17.0.31903.59
MinimumVisualStudioVersion = 10.0.40219.1
Project("{2150E333-8FDC-42A3-9474-1A3956D46DE8}") = "src", "src", "{827E0CD3-B72D-47B6-A68D-7590B98EB39B}"
EndProject
Project("{FAE04EC0-301F-11D3-BF4B-00C04F79EFBC}") = "Moongazing.OrionAudit", "src\Moongazing.OrionAudit\Moongazing.OrionAudit.csproj", "{6C284F03-A1F1-4B77-AD9C-6E92BF930B68}"
EndProject
Project("{FAE04EC0-301F-11D3-BF4B-00C04F79EFBC}") = "Moongazing.OrionAudit.AspNetCore", "src\Moongazing.OrionAudit.AspNetCore\Moongazing.OrionAudit.AspNetCore.csproj", "{E880E17C-02D8-4A47-A469-8D98519D3E57}"
EndProject
Project("{FAE04EC0-301F-11D3-BF4B-00C04F79EFBC}") = "Moongazing.OrionAudit.Testing", "src\Moongazing.OrionAudit.Testing\Moongazing.OrionAudit.Testing.csproj", "{F19868E0-3125-41C7-9B35-1D119134E324}"
EndProject
Project("{2150E333-8FDC-42A3-9474-1A3956D46DE8}") = "tests", "tests", "{0AB3BF05-4346-4AA6-1389-037BE0695223}"
EndProject
Project("{FAE04EC0-301F-11D3-BF4B-00C04F79EFBC}") = "Moongazing.OrionAudit.Tests", "tests\Moongazing.OrionAudit.Tests\Moongazing.OrionAudit.Tests.csproj", "{68BE830D-94B1-485C-B64C-80EE622C6461}"
EndProject
Project("{FAE04EC0-301F-11D3-BF4B-00C04F79EFBC}") = "Moongazing.OrionAudit.AspNetCore.Tests", "tests\Moongazing.OrionAudit.AspNetCore.Tests\Moongazing.OrionAudit.AspNetCore.Tests.csproj", "{937A2CC4-890E-4BA0-AB83-5BE42106FF46}"
EndProject
Project("{FAE04EC0-301F-11D3-BF4B-00C04F79EFBC}") = "Moongazing.OrionAudit.Testing.Tests", "tests\Moongazing.OrionAudit.Testing.Tests\Moongazing.OrionAudit.Testing.Tests.csproj", "{0B85ABEA-052E-4A03-85EE-90D1E1A5210F}"
EndProject
Project("{FAE04EC0-301F-11D3-BF4B-00C04F79EFBC}") = "Moongazing.OrionAudit.IntegrationTests", "tests\Moongazing.OrionAudit.IntegrationTests\Moongazing.OrionAudit.IntegrationTests.csproj", "{B2107D9F-FB5B-4A8F-82A9-9C7934BFA63B}"
EndProject
Project("{2150E333-8FDC-42A3-9474-1A3956D46DE8}") = "sample", "sample", "{4F9DEAE5-078F-E77A-2E4A-FEB6FFE226FF}"
EndProject
Project("{FAE04EC0-301F-11D3-BF4B-00C04F79EFBC}") = "Moongazing.OrionAudit.Sample.Console", "sample\Moongazing.OrionAudit.Sample.Console\Moongazing.OrionAudit.Sample.Console.csproj", "{B2EF945E-A608-49FE-96C2-1072473ACE8E}"
EndProject
Project("{2150E333-8FDC-42A3-9474-1A3956D46DE8}") = "bench", "bench", "{760AB15A-8938-8D9B-BEDE-5CE1484B84C3}"
EndProject
Project("{FAE04EC0-301F-11D3-BF4B-00C04F79EFBC}") = "Moongazing.OrionAudit.Bench", "bench\Moongazing.OrionAudit.Bench\Moongazing.OrionAudit.Bench.csproj", "{0232BF45-347D-47B8-B3E5-982213830F4D}"
EndProject
Global
	GlobalSection(SolutionConfigurationPlatforms) = preSolution
		Debug|Any CPU = Debug|Any CPU
		Debug|x64 = Debug|x64
		Debug|x86 = Debug|x86
		Release|Any CPU = Release|Any CPU
		Release|x64 = Release|x64
		Release|x86 = Release|x86
	EndGlobalSection
	GlobalSection(ProjectConfigurationPlatforms) = postSolution
		{6C284F03-A1F1-4B77-AD9C-6E92BF930B68}.Debug|Any CPU.ActiveCfg = Debug|Any CPU
		{6C284F03-A1F1-4B77-AD9C-6E92BF930B68}.Debug|Any CPU.Build.0 = Debug|Any CPU
		{6C284F03-A1F1-4B77-AD9C-6E92BF930B68}.Debug|x64.ActiveCfg = Debug|Any CPU
		{6C284F03-A1F1-4B77-AD9C-6E92BF930B68}.Debug|x64.Build.0 = Debug|Any CPU
		{6C284F03-A1F1-4B77-AD9C-6E92BF930B68}.Debug|x86.ActiveCfg = Debug|Any CPU
		{6C284F03-A1F1-4B77-AD9C-6E92BF930B68}.Debug|x86.Build.0 = Debug|Any CPU
		{6C284F03-A1F1-4B77-AD9C-6E92BF930B68}.Release|Any CPU.ActiveCfg = Release|Any CPU
		{6C284F03-A1F1-4B77-AD9C-6E92BF930B68}.Release|Any CPU.Build.0 = Release|Any CPU
		{6C284F03-A1F1-4B77-AD9C-6E92BF930B68}.Release|x64.ActiveCfg = Release|Any CPU
		{6C284F03-A1F1-4B77-AD9C-6E92BF930B68}.Release|x64.Build.0 = Release|Any CPU
		{6C284F03-A1F1-4B77-AD9C-6E92BF930B68}.Release|x86.ActiveCfg = Release|Any CPU
		{6C284F03-A1F1-4B77-AD9C-6E92BF930B68}.Release|x86.Build.0 = Release|Any CPU
		{E880E17C-02D8-4A47-A469-8D98519D3E57}.Debug|Any CPU.ActiveCfg = Debug|Any CPU
		{E880E17C-02D8-4A47-A469-8D98519D3E57}.Debug|Any CPU.Build.0 = Debug|Any CPU
		{E880E17C-02D8-4A47-A469-8D98519D3E57}.Debug|x64.ActiveCfg = Debug|Any CPU
		{E880E17C-02D8-4A47-A469-8D98519D3E57}.Debug|x64.Build.0 = Debug|Any CPU
		{E880E17C-02D8-4A47-A469-8D98519D3E57}.Debug|x86.ActiveCfg = Debug|Any CPU
		{E880E17C-02D8-4A47-A469-8D98519D3E57}.Debug|x86.Build.0 = Debug|Any CPU
		{E880E17C-02D8-4A47-A469-8D98519D3E57}.Release|Any CPU.ActiveCfg = Release|Any CPU
		{E880E17C-02D8-4A47-A469-8D98519D3E57}.Release|Any CPU.Build.0 = Release|Any CPU
		{E880E17C-02D8-4A47-A469-8D98519D3E57}.Release|x64.ActiveCfg = Release|Any CPU
		{E880E17C-02D8-4A47-A469-8D98519D3E57}.Release|x64.Build.0 = Release|Any CPU
		{E880E17C-02D8-4A47-A469-8D98519D3E57}.Release|x86.ActiveCfg = Release|Any CPU
		{E880E17C-02D8-4A47-A469-8D98519D3E57}.Release|x86.Build.0 = Release|Any CPU
		{F19868E0-3125-41C7-9B35-1D119134E324}.Debug|Any CPU.ActiveCfg = Debug|Any CPU
		{F19868E0-3125-41C7-9B35-1D119134E324}.Debug|Any CPU.Build.0 = Debug|Any CPU
		{F19868E0-3125-41C7-9B35-1D119134E324}.Debug|x64.ActiveCfg = Debug|Any CPU
		{F19868E0-3125-41C7-9B35-1D119134E324}.Debug|x64.Build.0 = Debug|Any CPU
		{F19868E0-3125-41C7-9B35-1D119134E324}.Debug|x86.ActiveCfg = Debug|Any CPU
		{F19868E0-3125-41C7-9B35-1D119134E324}.Debug|x86.Build.0 = Debug|Any CPU
		{F19868E0-3125-41C7-9B35-1D119134E324}.Release|Any CPU.ActiveCfg = Release|Any CPU
		{F19868E0-3125-41C7-9B35-1D119134E324}.Release|Any CPU.Build.0 = Release|Any CPU
		{F19868E0-3125-41C7-9B35-1D119134E324}.Release|x64.ActiveCfg = Release|Any CPU
		{F19868E0-3125-41C7-9B35-1D119134E324}.Release|x64.Build.0 = Release|Any CPU
		{F19868E0-3125-41C7-9B35-1D119134E324}.Release|x86.ActiveCfg = Release|Any CPU
		{F19868E0-3125-41C7-9B35-1D119134E324}.Release|x86.Build.0 = Release|Any CPU
		{68BE830D-94B1-485C-B64C-80EE622C6461}.Debug|Any CPU.ActiveCfg = Debug|Any CPU
		{68BE830D-94B1-485C-B64C-80EE622C6461}.Debug|Any CPU.Build.0 = Debug|Any CPU
		{68BE830D-94B1-485C-B64C-80EE622C6461}.Debug|x64.ActiveCfg = Debug|Any CPU
		{68BE830D-94B1-485C-B64C-80EE622C6461}.Debug|x64.Build.0 = Debug|Any CPU
		{68BE830D-94B1-485C-B64C-80EE622C6461}.Debug|x86.ActiveCfg = Debug|Any CPU
		{68BE830D-94B1-485C-B64C-80EE622C6461}.Debug|x86.Build.0 = Debug|Any CPU
		{68BE830D-94B1-485C-B64C-80EE622C6461}.Release|Any CPU.ActiveCfg = Release|Any CPU
		{68BE830D-94B1-485C-B64C-80EE622C6461}.Release|Any CPU.Build.0 = Release|Any CPU
		{68BE830D-94B1-485C-B64C-80EE622C6461}.Release|x64.ActiveCfg = Release|Any CPU
		{68BE830D-94B1-485C-B64C-80EE622C6461}.Release|x64.Build.0 = Release|Any CPU
		{68BE830D-94B1-485C-B64C-80EE622C6461}.Release|x86.ActiveCfg = Release|Any CPU
		{68BE830D-94B1-485C-B64C-80EE622C6461}.Release|x86.Build.0 = Release|Any CPU
		{937A2CC4-890E-4BA0-AB83-5BE42106FF46}.Debug|Any CPU.ActiveCfg = Debug|Any CPU
		{937A2CC4-890E-4BA0-AB83-5BE42106FF46}.Debug|Any CPU.Build.0 = Debug|Any CPU
		{937A2CC4-890E-4BA0-AB83-5BE42106FF46}.Debug|x64.ActiveCfg = Debug|Any CPU
		{937A2CC4-890E-4BA0-AB83-5BE42106FF46}.Debug|x64.Build.0 = Debug|Any CPU
		{937A2CC4-890E-4BA0-AB83-5BE42106FF46}.Debug|x86.ActiveCfg = Debug|Any CPU
		{937A2CC4-890E-4BA0-AB83-5BE42106FF46}.Debug|x86.Build.0 = Debug|Any CPU
		{937A2CC4-890E-4BA0-AB83-5BE42106FF46}.Release|Any CPU.ActiveCfg = Release|Any CPU
		{937A2CC4-890E-4BA0-AB83-5BE42106FF46}.Release|Any CPU.Build.0 = Release|Any CPU
		{937A2CC4-890E-4BA0-AB83-5BE42106FF46}.Release|x64.ActiveCfg = Release|Any CPU
		{937A2CC4-890E-4BA0-AB83-5BE42106FF46}.Release|x64.Build.0 = Release|Any CPU
		{937A2CC4-890E-4BA0-AB83-5BE42106FF46}.Release|x86.ActiveCfg = Release|Any CPU
		{937A2CC4-890E-4BA0-AB83-5BE42106FF46}.Release|x86.Build.0 = Release|Any CPU
		{0B85ABEA-052E-4A03-85EE-90D1E1A5210F}.Debug|Any CPU.ActiveCfg = Debug|Any CPU
		{0B85ABEA-052E-4A03-85EE-90D1E1A5210F}.Debug|Any CPU.Build.0 = Debug|Any CPU
		{0B85ABEA-052E-4A03-85EE-90D1E1A5210F}.Debug|x64.ActiveCfg = Debug|Any CPU
		{0B85ABEA-052E-4A03-85EE-90D1E1A5210F}.Debug|x64.Build.0 = Debug|Any CPU
		{0B85ABEA-052E-4A03-85EE-90D1E1A5210F}.Debug|x86.ActiveCfg = Debug|Any CPU
		{0B85ABEA-052E-4A03-85EE-90D1E1A5210F}.Debug|x86.Build.0 = Debug|Any CPU
		{0B85ABEA-052E-4A03-85EE-90D1E1A5210F}.Release|Any CPU.ActiveCfg = Release|Any CPU
		{0B85ABEA-052E-4A03-85EE-90D1E1A5210F}.Release|Any CPU.Build.0 = Release|Any CPU
		{0B85ABEA-052E-4A03-85EE-90D1E1A5210F}.Release|x64.ActiveCfg = Release|Any CPU
		{0B85ABEA-052E-4A03-85EE-90D1E1A5210F}.Release|x64.Build.0 = Release|Any CPU
		{0B85ABEA-052E-4A03-85EE-90D1E1A5210F}.Release|x86.ActiveCfg = Release|Any CPU
		{0B85ABEA-052E-4A03-85EE-90D1E1A5210F}.Release|x86.Build.0 = Release|Any CPU
		{B2107D9F-FB5B-4A8F-82A9-9C7934BFA63B}.Debug|Any CPU.ActiveCfg = Debug|Any CPU
		{B2107D9F-FB5B-4A8F-82A9-9C7934BFA63B}.Debug|Any CPU.Build.0 = Debug|Any CPU
		{B2107D9F-FB5B-4A8F-82A9-9C7934BFA63B}.Debug|x64.ActiveCfg = Debug|Any CPU
		{B2107D9F-FB5B-4A8F-82A9-9C7934BFA63B}.Debug|x64.Build.0 = Debug|Any CPU
		{B2107D9F-FB5B-4A8F-82A9-9C7934BFA63B}.Debug|x86.ActiveCfg = Debug|Any CPU
		{B2107D9F-FB5B-4A8F-82A9-9C7934BFA63B}.Debug|x86.Build.0 = Debug|Any CPU
		{B2107D9F-FB5B-4A8F-82A9-9C7934BFA63B}.Release|Any CPU.ActiveCfg = Release|Any CPU
		{B2107D9F-FB5B-4A8F-82A9-9C7934BFA63B}.Release|Any CPU.Build.0 = Release|Any CPU
		{B2107D9F-FB5B-4A8F-82A9-9C7934BFA63B}.Release|x64.ActiveCfg = Release|Any CPU
		{B2107D9F-FB5B-4A8F-82A9-9C7934BFA63B}.Release|x64.Build.0 = Release|Any CPU
		{B2107D9F-FB5B-4A8F-82A9-9C7934BFA63B}.Release|x86.ActiveCfg = Release|Any CPU
		{B2107D9F-FB5B-4A8F-82A9-9C7934BFA63B}.Release|x86.Build.0 = Release|Any CPU
		{B2EF945E-A608-49FE-96C2-1072473ACE8E}.Debug|Any CPU.ActiveCfg = Debug|Any CPU
		{B2EF945E-A608-49FE-96C2-1072473ACE8E}.Debug|Any CPU.Build.0 = Debug|Any CPU
		{B2EF945E-A608-49FE-96C2-1072473ACE8E}.Debug|x64.ActiveCfg = Debug|Any CPU
		{B2EF945E-A608-49FE-96C2-1072473ACE8E}.Debug|x64.Build.0 = Debug|Any CPU
		{B2EF945E-A608-49FE-96C2-1072473ACE8E}.Debug|x86.ActiveCfg = Debug|Any CPU
		{B2EF945E-A608-49FE-96C2-1072473ACE8E}.Debug|x86.Build.0 = Debug|Any CPU
		{B2EF945E-A608-49FE-96C2-1072473ACE8E}.Release|Any CPU.ActiveCfg = Release|Any CPU
		{B2EF945E-A608-49FE-96C2-1072473ACE8E}.Release|Any CPU.Build.0 = Release|Any CPU
		{B2EF945E-A608-49FE-96C2-1072473ACE8E}.Release|x64.ActiveCfg = Release|Any CPU
		{B2EF945E-A608-49FE-96C2-1072473ACE8E}.Release|x64.Build.0 = Release|Any CPU
		{B2EF945E-A608-49FE-96C2-1072473ACE8E}.Release|x86.ActiveCfg = Release|Any CPU
		{B2EF945E-A608-49FE-96C2-1072473ACE8E}.Release|x86.Build.0 = Release|Any CPU
		{0232BF45-347D-47B8-B3E5-982213830F4D}.Debug|Any CPU.ActiveCfg = Debug|Any CPU
		{0232BF45-347D-47B8-B3E5-982213830F4D}.Debug|Any CPU.Build.0 = Debug|Any CPU
		{0232BF45-347D-47B8-B3E5-982213830F4D}.Debug|x64.ActiveCfg = Debug|Any CPU
		{0232BF45-347D-47B8-B3E5-982213830F4D}.Debug|x64.Build.0 = Debug|Any CPU
		{0232BF45-347D-47B8-B3E5-982213830F4D}.Debug|x86.ActiveCfg = Debug|Any CPU
		{0232BF45-347D-47B8-B3E5-982213830F4D}.Debug|x86.Build.0 = Debug|Any CPU
		{0232BF45-347D-47B8-B3E5-982213830F4D}.Release|Any CPU.ActiveCfg = Release|Any CPU
		{0232BF45-347D-47B8-B3E5-982213830F4D}.Release|Any CPU.Build.0 = Release|Any CPU
		{0232BF45-347D-47B8-B3E5-982213830F4D}.Release|x64.ActiveCfg = Release|Any CPU
		{0232BF45-347D-47B8-B3E5-982213830F4D}.Release|x64.Build.0 = Release|Any CPU
		{0232BF45-347D-47B8-B3E5-982213830F4D}.Release|x86.ActiveCfg = Release|Any CPU
		{0232BF45-347D-47B8-B3E5-982213830F4D}.Release|x86.Build.0 = Release|Any CPU
	EndGlobalSection
	GlobalSection(SolutionProperties) = preSolution
		HideSolutionNode = FALSE
	EndGlobalSection
	GlobalSection(NestedProjects) = preSolution
		{6C284F03-A1F1-4B77-AD9C-6E92BF930B68} = {827E0CD3-B72D-47B6-A68D-7590B98EB39B}
		{E880E17C-02D8-4A47-A469-8D98519D3E57} = {827E0CD3-B72D-47B6-A68D-7590B98EB39B}
		{F19868E0-3125-41C7-9B35-1D119134E324} = {827E0CD3-B72D-47B6-A68D-7590B98EB39B}
		{68BE830D-94B1-485C-B64C-80EE622C6461} = {0AB3BF05-4346-4AA6-1389-037BE0695223}
		{937A2CC4-890E-4BA0-AB83-5BE42106FF46} = {0AB3BF05-4346-4AA6-1389-037BE0695223}
		{0B85ABEA-052E-4A03-85EE-90D1E1A5210F} = {0AB3BF05-4346-4AA6-1389-037BE0695223}
		{B2107D9F-FB5B-4A8F-82A9-9C7934BFA63B} = {0AB3BF05-4346-4AA6-1389-037BE0695223}
		{B2EF945E-A608-49FE-96C2-1072473ACE8E} = {4F9DEAE5-078F-E77A-2E4A-FEB6FFE226FF}
		{0232BF45-347D-47B8-B3E5-982213830F4D} = {760AB15A-8938-8D9B-BEDE-5CE1484B84C3}
	EndGlobalSection
EndGlobal
