
Microsoft Visual Studio Solution File, Format Version 12.00
# Visual Studio Version 17
VisualStudioVersion = 17.0.31903.59
MinimumVisualStudioVersion = 10.0.40219.1
Project("{2150E333-8FDC-42A3-9474-1A3956D46DE8}") = "src", "src", "{827E0CD3-B72D-47B6-A68D-7590B98EB39B}"
EndProject
Project("{FAE04EC0-301F-11D3-BF4B-00C04F79EFBC}") = "OrionAudit", "src\OrionAudit\OrionAudit.csproj", "{574D0017-4E70-447F-8383-A557AF1E23A9}"
EndProject
Project("{FAE04EC0-301F-11D3-BF4B-00C04F79EFBC}") = "OrionAudit.AspNetCore", "src\OrionAudit.AspNetCore\OrionAudit.AspNetCore.csproj", "{D2F01704-79FC-4FFA-88C1-BED496B9BD9D}"
EndProject
Project("{FAE04EC0-301F-11D3-BF4B-00C04F79EFBC}") = "OrionAudit.Testing", "src\OrionAudit.Testing\OrionAudit.Testing.csproj", "{1D8676D7-AC7B-4CD1-B7AF-31936D00331A}"
EndProject
Project("{2150E333-8FDC-42A3-9474-1A3956D46DE8}") = "tests", "tests", "{0AB3BF05-4346-4AA6-1389-037BE0695223}"
EndProject
Project("{FAE04EC0-301F-11D3-BF4B-00C04F79EFBC}") = "OrionAudit.Tests", "tests\OrionAudit.Tests\OrionAudit.Tests.csproj", "{F3E222DE-4580-4DB7-9B36-D1DC3A89724F}"
EndProject
Project("{FAE04EC0-301F-11D3-BF4B-00C04F79EFBC}") = "OrionAudit.AspNetCore.Tests", "tests\OrionAudit.AspNetCore.Tests\OrionAudit.AspNetCore.Tests.csproj", "{493A0194-8FF5-46C8-89BF-4AF6C530A84C}"
EndProject
Project("{FAE04EC0-301F-11D3-BF4B-00C04F79EFBC}") = "OrionAudit.Testing.Tests", "tests\OrionAudit.Testing.Tests\OrionAudit.Testing.Tests.csproj", "{FFDD1944-28A2-4937-AE91-9E1DF6CBBA48}"
EndProject
Project("{FAE04EC0-301F-11D3-BF4B-00C04F79EFBC}") = "OrionAudit.IntegrationTests", "tests\OrionAudit.IntegrationTests\OrionAudit.IntegrationTests.csproj", "{74B788C9-77DC-4ABA-B0C4-7B8158873C21}"
EndProject
Project("{2150E333-8FDC-42A3-9474-1A3956D46DE8}") = "sample", "sample", "{4F9DEAE5-078F-E77A-2E4A-FEB6FFE226FF}"
EndProject
Project("{FAE04EC0-301F-11D3-BF4B-00C04F79EFBC}") = "OrionAudit.Sample.Console", "sample\OrionAudit.Sample.Console\OrionAudit.Sample.Console.csproj", "{84690E75-F053-467F-A305-906F002ED67D}"
EndProject
Global
	GlobalSection(SolutionConfigurationPlatforms) = preSolution
		Debug|Any CPU = Debug|Any CPU
		Debug|x64 = Debug|x64
		Debug|x86 = Debug|x86
		Release|Any CPU = Release|Any CPU
		Release|x64 = Release|x64
		Release|x86 = Release|x86
	EndGlobalSection
	GlobalSection(ProjectConfigurationPlatforms) = postSolution
		{574D0017-4E70-447F-8383-A557AF1E23A9}.Debug|Any CPU.ActiveCfg = Debug|Any CPU
		{574D0017-4E70-447F-8383-A557AF1E23A9}.Debug|Any CPU.Build.0 = Debug|Any CPU
		{574D0017-4E70-447F-8383-A557AF1E23A9}.Debug|x64.ActiveCfg = Debug|Any CPU
		{574D0017-4E70-447F-8383-A557AF1E23A9}.Debug|x64.Build.0 = Debug|Any CPU
		{574D0017-4E70-447F-8383-A557AF1E23A9}.Debug|x86.ActiveCfg = Debug|Any CPU
		{574D0017-4E70-447F-8383-A557AF1E23A9}.Debug|x86.Build.0 = Debug|Any CPU
		{574D0017-4E70-447F-8383-A557AF1E23A9}.Release|Any CPU.ActiveCfg = Release|Any CPU
		{574D0017-4E70-447F-8383-A557AF1E23A9}.Release|Any CPU.Build.0 = Release|Any CPU
		{574D0017-4E70-447F-8383-A557AF1E23A9}.Release|x64.ActiveCfg = Release|Any CPU
		{574D0017-4E70-447F-8383-A557AF1E23A9}.Release|x64.Build.0 = Release|Any CPU
		{574D0017-4E70-447F-8383-A557AF1E23A9}.Release|x86.ActiveCfg = Release|Any CPU
		{574D0017-4E70-447F-8383-A557AF1E23A9}.Release|x86.Build.0 = Release|Any CPU
		{D2F01704-79FC-4FFA-88C1-BED496B9BD9D}.Debug|Any CPU.ActiveCfg = Debug|Any CPU
		{D2F01704-79FC-4FFA-88C1-BED496B9BD9D}.Debug|Any CPU.Build.0 = Debug|Any CPU
		{D2F01704-79FC-4FFA-88C1-BED496B9BD9D}.Debug|x64.ActiveCfg = Debug|Any CPU
		{D2F01704-79FC-4FFA-88C1-BED496B9BD9D}.Debug|x64.Build.0 = Debug|Any CPU
		{D2F01704-79FC-4FFA-88C1-BED496B9BD9D}.Debug|x86.ActiveCfg = Debug|Any CPU
		{D2F01704-79FC-4FFA-88C1-BED496B9BD9D}.Debug|x86.Build.0 = Debug|Any CPU
		{D2F01704-79FC-4FFA-88C1-BED496B9BD9D}.Release|Any CPU.ActiveCfg = Release|Any CPU
		{D2F01704-79FC-4FFA-88C1-BED496B9BD9D}.Release|Any CPU.Build.0 = Release|Any CPU
		{D2F01704-79FC-4FFA-88C1-BED496B9BD9D}.Release|x64.ActiveCfg = Release|Any CPU
		{D2F01704-79FC-4FFA-88C1-BED496B9BD9D}.Release|x64.Build.0 = Release|Any CPU
		{D2F01704-79FC-4FFA-88C1-BED496B9BD9D}.Release|x86.ActiveCfg = Release|Any CPU
		{D2F01704-79FC-4FFA-88C1-BED496B9BD9D}.Release|x86.Build.0 = Release|Any CPU
		{1D8676D7-AC7B-4CD1-B7AF-31936D00331A}.Debug|Any CPU.ActiveCfg = Debug|Any CPU
		{1D8676D7-AC7B-4CD1-B7AF-31936D00331A}.Debug|Any CPU.Build.0 = Debug|Any CPU
		{1D8676D7-AC7B-4CD1-B7AF-31936D00331A}.Debug|x64.ActiveCfg = Debug|Any CPU
		{1D8676D7-AC7B-4CD1-B7AF-31936D00331A}.Debug|x64.Build.0 = Debug|Any CPU
		{1D8676D7-AC7B-4CD1-B7AF-31936D00331A}.Debug|x86.ActiveCfg = Debug|Any CPU
		{1D8676D7-AC7B-4CD1-B7AF-31936D00331A}.Debug|x86.Build.0 = Debug|Any CPU
		{1D8676D7-AC7B-4CD1-B7AF-31936D00331A}.Release|Any CPU.ActiveCfg = Release|Any CPU
		{1D8676D7-AC7B-4CD1-B7AF-31936D00331A}.Release|Any CPU.Build.0 = Release|Any CPU
		{1D8676D7-AC7B-4CD1-B7AF-31936D00331A}.Release|x64.ActiveCfg = Release|Any CPU
		{1D8676D7-AC7B-4CD1-B7AF-31936D00331A}.Release|x64.Build.0 = Release|Any CPU
		{1D8676D7-AC7B-4CD1-B7AF-31936D00331A}.Release|x86.ActiveCfg = Release|Any CPU
		{1D8676D7-AC7B-4CD1-B7AF-31936D00331A}.Release|x86.Build.0 = Release|Any CPU
		{F3E222DE-4580-4DB7-9B36-D1DC3A89724F}.Debug|Any CPU.ActiveCfg = Debug|Any CPU
		{F3E222DE-4580-4DB7-9B36-D1DC3A89724F}.Debug|Any CPU.Build.0 = Debug|Any CPU
		{F3E222DE-4580-4DB7-9B36-D1DC3A89724F}.Debug|x64.ActiveCfg = Debug|Any CPU
		{F3E222DE-4580-4DB7-9B36-D1DC3A89724F}.Debug|x64.Build.0 = Debug|Any CPU
		{F3E222DE-4580-4DB7-9B36-D1DC3A89724F}.Debug|x86.ActiveCfg = Debug|Any CPU
		{F3E222DE-4580-4DB7-9B36-D1DC3A89724F}.Debug|x86.Build.0 = Debug|Any CPU
		{F3E222DE-4580-4DB7-9B36-D1DC3A89724F}.Release|Any CPU.ActiveCfg = Release|Any CPU
		{F3E222DE-4580-4DB7-9B36-D1DC3A89724F}.Release|Any CPU.Build.0 = Release|Any CPU
		{F3E222DE-4580-4DB7-9B36-D1DC3A89724F}.Release|x64.ActiveCfg = Release|Any CPU
		{F3E222DE-4580-4DB7-9B36-D1DC3A89724F}.Release|x64.Build.0 = Release|Any CPU
		{F3E222DE-4580-4DB7-9B36-D1DC3A89724F}.Release|x86.ActiveCfg = Release|Any CPU
		{F3E222DE-4580-4DB7-9B36-D1DC3A89724F}.Release|x86.Build.0 = Release|Any CPU
		{493A0194-8FF5-46C8-89BF-4AF6C530A84C}.Debug|Any CPU.ActiveCfg = Debug|Any CPU
		{493A0194-8FF5-46C8-89BF-4AF6C530A84C}.Debug|Any CPU.Build.0 = Debug|Any CPU
		{493A0194-8FF5-46C8-89BF-4AF6C530A84C}.Debug|x64.ActiveCfg = Debug|Any CPU
		{493A0194-8FF5-46C8-89BF-4AF6C530A84C}.Debug|x64.Build.0 = Debug|Any CPU
		{493A0194-8FF5-46C8-89BF-4AF6C530A84C}.Debug|x86.ActiveCfg = Debug|Any CPU
		{493A0194-8FF5-46C8-89BF-4AF6C530A84C}.Debug|x86.Build.0 = Debug|Any CPU
		{493A0194-8FF5-46C8-89BF-4AF6C530A84C}.Release|Any CPU.ActiveCfg = Release|Any CPU
		{493A0194-8FF5-46C8-89BF-4AF6C530A84C}.Release|Any CPU.Build.0 = Release|Any CPU
		{493A0194-8FF5-46C8-89BF-4AF6C530A84C}.Release|x64.ActiveCfg = Release|Any CPU
		{493A0194-8FF5-46C8-89BF-4AF6C530A84C}.Release|x64.Build.0 = Release|Any CPU
		{493A0194-8FF5-46C8-89BF-4AF6C530A84C}.Release|x86.ActiveCfg = Release|Any CPU
		{493A0194-8FF5-46C8-89BF-4AF6C530A84C}.Release|x86.Build.0 = Release|Any CPU
		{FFDD1944-28A2-4937-AE91-9E1DF6CBBA48}.Debug|Any CPU.ActiveCfg = Debug|Any CPU
		{FFDD1944-28A2-4937-AE91-9E1DF6CBBA48}.Debug|Any CPU.Build.0 = Debug|Any CPU
		{FFDD1944-28A2-4937-AE91-9E1DF6CBBA48}.Debug|x64.ActiveCfg = Debug|Any CPU
		{FFDD1944-28A2-4937-AE91-9E1DF6CBBA48}.Debug|x64.Build.0 = Debug|Any CPU
		{FFDD1944-28A2-4937-AE91-9E1DF6CBBA48}.Debug|x86.ActiveCfg = Debug|Any CPU
		{FFDD1944-28A2-4937-AE91-9E1DF6CBBA48}.Debug|x86.Build.0 = Debug|Any CPU
		{FFDD1944-28A2-4937-AE91-9E1DF6CBBA48}.Release|Any CPU.ActiveCfg = Release|Any CPU
		{FFDD1944-28A2-4937-AE91-9E1DF6CBBA48}.Release|Any CPU.Build.0 = Release|Any CPU
		{FFDD1944-28A2-4937-AE91-9E1DF6CBBA48}.Release|x64.ActiveCfg = Release|Any CPU
		{FFDD1944-28A2-4937-AE91-9E1DF6CBBA48}.Release|x64.Build.0 = Release|Any CPU
		{FFDD1944-28A2-4937-AE91-9E1DF6CBBA48}.Release|x86.ActiveCfg = Release|Any CPU
		{FFDD1944-28A2-4937-AE91-9E1DF6CBBA48}.Release|x86.Build.0 = Release|Any CPU
		{74B788C9-77DC-4ABA-B0C4-7B8158873C21}.Debug|Any CPU.ActiveCfg = Debug|Any CPU
		{74B788C9-77DC-4ABA-B0C4-7B8158873C21}.Debug|Any CPU.Build.0 = Debug|Any CPU
		{74B788C9-77DC-4ABA-B0C4-7B8158873C21}.Debug|x64.ActiveCfg = Debug|Any CPU
		{74B788C9-77DC-4ABA-B0C4-7B8158873C21}.Debug|x64.Build.0 = Debug|Any CPU
		{74B788C9-77DC-4ABA-B0C4-7B8158873C21}.Debug|x86.ActiveCfg = Debug|Any CPU
		{74B788C9-77DC-4ABA-B0C4-7B8158873C21}.Debug|x86.Build.0 = Debug|Any CPU
		{74B788C9-77DC-4ABA-B0C4-7B8158873C21}.Release|Any CPU.ActiveCfg = Release|Any CPU
		{74B788C9-77DC-4ABA-B0C4-7B8158873C21}.Release|Any CPU.Build.0 = Release|Any CPU
		{74B788C9-77DC-4ABA-B0C4-7B8158873C21}.Release|x64.ActiveCfg = Release|Any CPU
		{74B788C9-77DC-4ABA-B0C4-7B8158873C21}.Release|x64.Build.0 = Release|Any CPU
		{74B788C9-77DC-4ABA-B0C4-7B8158873C21}.Release|x86.ActiveCfg = Release|Any CPU
		{74B788C9-77DC-4ABA-B0C4-7B8158873C21}.Release|x86.Build.0 = Release|Any CPU
		{84690E75-F053-467F-A305-906F002ED67D}.Debug|Any CPU.ActiveCfg = Debug|Any CPU
		{84690E75-F053-467F-A305-906F002ED67D}.Debug|Any CPU.Build.0 = Debug|Any CPU
		{84690E75-F053-467F-A305-906F002ED67D}.Debug|x64.ActiveCfg = Debug|Any CPU
		{84690E75-F053-467F-A305-906F002ED67D}.Debug|x64.Build.0 = Debug|Any CPU
		{84690E75-F053-467F-A305-906F002ED67D}.Debug|x86.ActiveCfg = Debug|Any CPU
		{84690E75-F053-467F-A305-906F002ED67D}.Debug|x86.Build.0 = Debug|Any CPU
		{84690E75-F053-467F-A305-906F002ED67D}.Release|Any CPU.ActiveCfg = Release|Any CPU
		{84690E75-F053-467F-A305-906F002ED67D}.Release|Any CPU.Build.0 = Release|Any CPU
		{84690E75-F053-467F-A305-906F002ED67D}.Release|x64.ActiveCfg = Release|Any CPU
		{84690E75-F053-467F-A305-906F002ED67D}.Release|x64.Build.0 = Release|Any CPU
		{84690E75-F053-467F-A305-906F002ED67D}.Release|x86.ActiveCfg = Release|Any CPU
		{84690E75-F053-467F-A305-906F002ED67D}.Release|x86.Build.0 = Release|Any CPU
	EndGlobalSection
	GlobalSection(SolutionProperties) = preSolution
		HideSolutionNode = FALSE
	EndGlobalSection
	GlobalSection(NestedProjects) = preSolution
		{574D0017-4E70-447F-8383-A557AF1E23A9} = {827E0CD3-B72D-47B6-A68D-7590B98EB39B}
		{D2F01704-79FC-4FFA-88C1-BED496B9BD9D} = {827E0CD3-B72D-47B6-A68D-7590B98EB39B}
		{1D8676D7-AC7B-4CD1-B7AF-31936D00331A} = {827E0CD3-B72D-47B6-A68D-7590B98EB39B}
		{F3E222DE-4580-4DB7-9B36-D1DC3A89724F} = {0AB3BF05-4346-4AA6-1389-037BE0695223}
		{493A0194-8FF5-46C8-89BF-4AF6C530A84C} = {0AB3BF05-4346-4AA6-1389-037BE0695223}
		{FFDD1944-28A2-4937-AE91-9E1DF6CBBA48} = {0AB3BF05-4346-4AA6-1389-037BE0695223}
		{74B788C9-77DC-4ABA-B0C4-7B8158873C21} = {0AB3BF05-4346-4AA6-1389-037BE0695223}
		{84690E75-F053-467F-A305-906F002ED67D} = {4F9DEAE5-078F-E77A-2E4A-FEB6FFE226FF}
	EndGlobalSection
EndGlobal
